
Microsoft Visual Studio Solution File, Format Version 12.00
# Visual Studio Version 17
VisualStudioVersion = 17.10.35013.160
MinimumVisualStudioVersion = 10.0.40219.1
Project("{FAE04EC0-301F-11D3-BF4B-00C04F79EFBC}") = "Assignment5", "Assignment5\Assignment5.csproj", "{9361AE14-445E-4303-99C2-3C3456A5D337}"
EndProject
Global
	GlobalSection(SolutionConfigurationPlatforms) = preSolution
		Debug|Any CPU = Debug|Any CPU
		Release|Any CPU = Release|Any CPU
	EndGlobalSection
	GlobalSection(ProjectConfigurationPlatforms) = postSolution
		{9361AE14-445E-4303-99C2-3C3456A5D337}.Debug|Any CPU.ActiveCfg = Debug|Any CPU
		{9361AE14-445E-4303-99C2-3C3456A5D337}.Debug|Any CPU.Build.0 = Debug|Any CPU
		{9361AE14-445E-4303-99C2-3C3456A5D337}.Release|Any CPU.ActiveCfg = Release|Any CPU
		{9361AE14-445E-4303-99C2-3C3456A5D337}.Release|Any CPU.Build.0 = Release|Any CPU
	EndGlobalSection
	GlobalSection(SolutionProperties) = preSolution
		HideSolutionNode = FALSE
	EndGlobalSection
	GlobalSection(ExtensibilityGlobals) = postSolution
		SolutionGuid = {751B44E1-0941-479A-87DC-A4A0BF6D3A66}
	EndGlobalSection
EndGlobal
